
Microsoft Visual Studio Solution File, Format Version 12.00
# Visual Studio Version 16
VisualStudioVersion = 16.0.31321.278
MinimumVisualStudioVersion = 10.0.40219.1
Project("{FAE04EC0-301F-11D3-BF4B-00C04F79EFBC}") = "TelegramTest", "TelegramTest\TelegramTest.csproj", "{69C82B76-C76A-4A4A-9A37-3CBB6901B2F3}"
EndProject
Global
	GlobalSection(SolutionConfigurationPlatforms) = preSolution
		Debug|Any CPU = Debug|Any CPU
		Release|Any CPU = Release|Any CPU
	EndGlobalSection
	GlobalSection(ProjectConfigurationPlatforms) = postSolution
		{69C82B76-C76A-4A4A-9A37-3CBB6901B2F3}.Debug|Any CPU.ActiveCfg = Debug|Any CPU
		{69C82B76-C76A-4A4A-9A37-3CBB6901B2F3}.Debug|Any CPU.Build.0 = Debug|Any CPU
		{69C82B76-C76A-4A4A-9A37-3CBB6901B2F3}.Release|Any CPU.ActiveCfg = Release|Any CPU
		{69C82B76-C76A-4A4A-9A37-3CBB6901B2F3}.Release|Any CPU.Build.0 = Release|Any CPU
	EndGlobalSection
	GlobalSection(SolutionProperties) = preSolution
		HideSolutionNode = FALSE
	EndGlobalSection
	GlobalSection(ExtensibilityGlobals) = postSolution
		SolutionGuid = {A64F3B54-A77F-4D74-9E68-9A23D2D386D8}
	EndGlobalSection
EndGlobal
